
Microsoft Visual Studio Solution File, Format Version 12.00
# Visual Studio Version 16
VisualStudioVersion = 16.0.30907.101
MinimumVisualStudioVersion = 15.0.26124.0
Project("{9A19103F-16F7-4668-BE54-9A1E7A4F7556}") = "ServerSample", "ServerSample\ServerSample.csproj", "{C026A284-BF45-4B0C-BFBA-80D5D01BDC80}"
EndProject
Project("{9A19103F-16F7-4668-BE54-9A1E7A4F7556}") = "ClientSample", "ClientSample\ClientSample.csproj", "{7B4FD64A-A35E-477F-A4DD-B4C71EA70A08}"
EndProject
Project("{9A19103F-16F7-4668-BE54-9A1E7A4F7556}") = "RpcServerSample", "RpcServerSample\RpcServerSample.csproj", "{C092510C-4140-4400-97C1-1623B1459109}"
EndProject
Project("{2150E333-8FDC-42A3-9474-1A3956D46DE8}") = "MQTT", "MQTT", "{76B86BE1-8FF1-4234-AED6-498623866E8E}"
EndProject
Project("{2150E333-8FDC-42A3-9474-1A3956D46DE8}") = "MQTT_RPC", "MQTT_RPC", "{FA661078-E321-4F42-B326-B201DB8B0057}"
EndProject
Project("{9A19103F-16F7-4668-BE54-9A1E7A4F7556}") = "RpcClientSample", "RpcClientSample\RpcClientSample.csproj", "{F6003018-FBA3-4EE9-9F94-B9C299F3BB33}"
EndProject
Project("{2150E333-8FDC-42A3-9474-1A3956D46DE8}") = "MQTT_WebApi", "MQTT_WebApi", "{C5A0D90F-66AA-4310-950F-635E3FD8FE30}"
EndProject
Project("{9A19103F-16F7-4668-BE54-9A1E7A4F7556}") = "WebApiSample", "WebApiSample\WebApiSample.csproj", "{3E894695-2A9D-45F8-87D3-13522D547E79}"
EndProject
Project("{FAE04EC0-301F-11D3-BF4B-00C04F79EFBC}") = "WebApiClientSample", "WebApiClientSample\WebApiClientSample.csproj", "{F2983D38-DCD3-4121-8F04-00F2BE767743}"
EndProject
Global
	GlobalSection(SolutionConfigurationPlatforms) = preSolution
		Debug|Any CPU = Debug|Any CPU
		Debug|x64 = Debug|x64
		Debug|x86 = Debug|x86
		Release|Any CPU = Release|Any CPU
		Release|x64 = Release|x64
		Release|x86 = Release|x86
	EndGlobalSection
	GlobalSection(ProjectConfigurationPlatforms) = postSolution
		{C026A284-BF45-4B0C-BFBA-80D5D01BDC80}.Debug|Any CPU.ActiveCfg = Debug|Any CPU
		{C026A284-BF45-4B0C-BFBA-80D5D01BDC80}.Debug|Any CPU.Build.0 = Debug|Any CPU
		{C026A284-BF45-4B0C-BFBA-80D5D01BDC80}.Debug|x64.ActiveCfg = Debug|Any CPU
		{C026A284-BF45-4B0C-BFBA-80D5D01BDC80}.Debug|x64.Build.0 = Debug|Any CPU
		{C026A284-BF45-4B0C-BFBA-80D5D01BDC80}.Debug|x86.ActiveCfg = Debug|Any CPU
		{C026A284-BF45-4B0C-BFBA-80D5D01BDC80}.Debug|x86.Build.0 = Debug|Any CPU
		{C026A284-BF45-4B0C-BFBA-80D5D01BDC80}.Release|Any CPU.ActiveCfg = Release|Any CPU
		{C026A284-BF45-4B0C-BFBA-80D5D01BDC80}.Release|Any CPU.Build.0 = Release|Any CPU
		{C026A284-BF45-4B0C-BFBA-80D5D01BDC80}.Release|x64.ActiveCfg = Release|Any CPU
		{C026A284-BF45-4B0C-BFBA-80D5D01BDC80}.Release|x64.Build.0 = Release|Any CPU
		{C026A284-BF45-4B0C-BFBA-80D5D01BDC80}.Release|x86.ActiveCfg = Release|Any CPU
		{C026A284-BF45-4B0C-BFBA-80D5D01BDC80}.Release|x86.Build.0 = Release|Any CPU
		{7B4FD64A-A35E-477F-A4DD-B4C71EA70A08}.Debug|Any CPU.ActiveCfg = Debug|Any CPU
		{7B4FD64A-A35E-477F-A4DD-B4C71EA70A08}.Debug|Any CPU.Build.0 = Debug|Any CPU
		{7B4FD64A-A35E-477F-A4DD-B4C71EA70A08}.Debug|x64.ActiveCfg = Debug|Any CPU
		{7B4FD64A-A35E-477F-A4DD-B4C71EA70A08}.Debug|x64.Build.0 = Debug|Any CPU
		{7B4FD64A-A35E-477F-A4DD-B4C71EA70A08}.Debug|x86.ActiveCfg = Debug|Any CPU
		{7B4FD64A-A35E-477F-A4DD-B4C71EA70A08}.Debug|x86.Build.0 = Debug|Any CPU
		{7B4FD64A-A35E-477F-A4DD-B4C71EA70A08}.Release|Any CPU.ActiveCfg = Release|Any CPU
		{7B4FD64A-A35E-477F-A4DD-B4C71EA70A08}.Release|Any CPU.Build.0 = Release|Any CPU
		{7B4FD64A-A35E-477F-A4DD-B4C71EA70A08}.Release|x64.ActiveCfg = Release|Any CPU
		{7B4FD64A-A35E-477F-A4DD-B4C71EA70A08}.Release|x64.Build.0 = Release|Any CPU
		{7B4FD64A-A35E-477F-A4DD-B4C71EA70A08}.Release|x86.ActiveCfg = Release|Any CPU
		{7B4FD64A-A35E-477F-A4DD-B4C71EA70A08}.Release|x86.Build.0 = Release|Any CPU
		{C092510C-4140-4400-97C1-1623B1459109}.Debug|Any CPU.ActiveCfg = Debug|Any CPU
		{C092510C-4140-4400-97C1-1623B1459109}.Debug|Any CPU.Build.0 = Debug|Any CPU
		{C092510C-4140-4400-97C1-1623B1459109}.Debug|x64.ActiveCfg = Debug|Any CPU
		{C092510C-4140-4400-97C1-1623B1459109}.Debug|x64.Build.0 = Debug|Any CPU
		{C092510C-4140-4400-97C1-1623B1459109}.Debug|x86.ActiveCfg = Debug|Any CPU
		{C092510C-4140-4400-97C1-1623B1459109}.Debug|x86.Build.0 = Debug|Any CPU
		{C092510C-4140-4400-97C1-1623B1459109}.Release|Any CPU.ActiveCfg = Release|Any CPU
		{C092510C-4140-4400-97C1-1623B1459109}.Release|Any CPU.Build.0 = Release|Any CPU
		{C092510C-4140-4400-97C1-1623B1459109}.Release|x64.ActiveCfg = Release|Any CPU
		{C092510C-4140-4400-97C1-1623B1459109}.Release|x64.Build.0 = Release|Any CPU
		{C092510C-4140-4400-97C1-1623B1459109}.Release|x86.ActiveCfg = Release|Any CPU
		{C092510C-4140-4400-97C1-1623B1459109}.Release|x86.Build.0 = Release|Any CPU
		{F6003018-FBA3-4EE9-9F94-B9C299F3BB33}.Debug|Any CPU.ActiveCfg = Debug|Any CPU
		{F6003018-FBA3-4EE9-9F94-B9C299F3BB33}.Debug|Any CPU.Build.0 = Debug|Any CPU
		{F6003018-FBA3-4EE9-9F94-B9C299F3BB33}.Debug|x64.ActiveCfg = Debug|Any CPU
		{F6003018-FBA3-4EE9-9F94-B9C299F3BB33}.Debug|x64.Build.0 = Debug|Any CPU
		{F6003018-FBA3-4EE9-9F94-B9C299F3BB33}.Debug|x86.ActiveCfg = Debug|Any CPU
		{F6003018-FBA3-4EE9-9F94-B9C299F3BB33}.Debug|x86.Build.0 = Debug|Any CPU
		{F6003018-FBA3-4EE9-9F94-B9C299F3BB33}.Release|Any CPU.ActiveCfg = Release|Any CPU
		{F6003018-FBA3-4EE9-9F94-B9C299F3BB33}.Release|Any CPU.Build.0 = Release|Any CPU
		{F6003018-FBA3-4EE9-9F94-B9C299F3BB33}.Release|x64.ActiveCfg = Release|Any CPU
		{F6003018-FBA3-4EE9-9F94-B9C299F3BB33}.Release|x64.Build.0 = Release|Any CPU
		{F6003018-FBA3-4EE9-9F94-B9C299F3BB33}.Release|x86.ActiveCfg = Release|Any CPU
		{F6003018-FBA3-4EE9-9F94-B9C299F3BB33}.Release|x86.Build.0 = Release|Any CPU
		{3E894695-2A9D-45F8-87D3-13522D547E79}.Debug|Any CPU.ActiveCfg = Debug|Any CPU
		{3E894695-2A9D-45F8-87D3-13522D547E79}.Debug|Any CPU.Build.0 = Debug|Any CPU
		{3E894695-2A9D-45F8-87D3-13522D547E79}.Debug|x64.ActiveCfg = Debug|Any CPU
		{3E894695-2A9D-45F8-87D3-13522D547E79}.Debug|x64.Build.0 = Debug|Any CPU
		{3E894695-2A9D-45F8-87D3-13522D547E79}.Debug|x86.ActiveCfg = Debug|Any CPU
		{3E894695-2A9D-45F8-87D3-13522D547E79}.Debug|x86.Build.0 = Debug|Any CPU
		{3E894695-2A9D-45F8-87D3-13522D547E79}.Release|Any CPU.ActiveCfg = Release|Any CPU
		{3E894695-2A9D-45F8-87D3-13522D547E79}.Release|Any CPU.Build.0 = Release|Any CPU
		{3E894695-2A9D-45F8-87D3-13522D547E79}.Release|x64.ActiveCfg = Release|Any CPU
		{3E894695-2A9D-45F8-87D3-13522D547E79}.Release|x64.Build.0 = Release|Any CPU
		{3E894695-2A9D-45F8-87D3-13522D547E79}.Release|x86.ActiveCfg = Release|Any CPU
		{3E894695-2A9D-45F8-87D3-13522D547E79}.Release|x86.Build.0 = Release|Any CPU
		{F2983D38-DCD3-4121-8F04-00F2BE767743}.Debug|Any CPU.ActiveCfg = Debug|Any CPU
		{F2983D38-DCD3-4121-8F04-00F2BE767743}.Debug|Any CPU.Build.0 = Debug|Any CPU
		{F2983D38-DCD3-4121-8F04-00F2BE767743}.Debug|x64.ActiveCfg = Debug|Any CPU
		{F2983D38-DCD3-4121-8F04-00F2BE767743}.Debug|x64.Build.0 = Debug|Any CPU
		{F2983D38-DCD3-4121-8F04-00F2BE767743}.Debug|x86.ActiveCfg = Debug|Any CPU
		{F2983D38-DCD3-4121-8F04-00F2BE767743}.Debug|x86.Build.0 = Debug|Any CPU
		{F2983D38-DCD3-4121-8F04-00F2BE767743}.Release|Any CPU.ActiveCfg = Release|Any CPU
		{F2983D38-DCD3-4121-8F04-00F2BE767743}.Release|Any CPU.Build.0 = Release|Any CPU
		{F2983D38-DCD3-4121-8F04-00F2BE767743}.Release|x64.ActiveCfg = Release|Any CPU
		{F2983D38-DCD3-4121-8F04-00F2BE767743}.Release|x64.Build.0 = Release|Any CPU
		{F2983D38-DCD3-4121-8F04-00F2BE767743}.Release|x86.ActiveCfg = Release|Any CPU
		{F2983D38-DCD3-4121-8F04-00F2BE767743}.Release|x86.Build.0 = Release|Any CPU
	EndGlobalSection
	GlobalSection(SolutionProperties) = preSolution
		HideSolutionNode = FALSE
	EndGlobalSection
	GlobalSection(NestedProjects) = preSolution
		{C026A284-BF45-4B0C-BFBA-80D5D01BDC80} = {76B86BE1-8FF1-4234-AED6-498623866E8E}
		{7B4FD64A-A35E-477F-A4DD-B4C71EA70A08} = {76B86BE1-8FF1-4234-AED6-498623866E8E}
		{C092510C-4140-4400-97C1-1623B1459109} = {FA661078-E321-4F42-B326-B201DB8B0057}
		{F6003018-FBA3-4EE9-9F94-B9C299F3BB33} = {FA661078-E321-4F42-B326-B201DB8B0057}
		{3E894695-2A9D-45F8-87D3-13522D547E79} = {C5A0D90F-66AA-4310-950F-635E3FD8FE30}
		{F2983D38-DCD3-4121-8F04-00F2BE767743} = {C5A0D90F-66AA-4310-950F-635E3FD8FE30}
	EndGlobalSection
	GlobalSection(ExtensibilityGlobals) = postSolution
		SolutionGuid = {9E5B8E4F-42C1-4CBC-8CB7-8020F354E975}
	EndGlobalSection
EndGlobal
